
Microsoft Visual Studio Solution File, Format Version 12.00
# Visual Studio Version 16
VisualStudioVersion = 16.0.30711.63
MinimumVisualStudioVersion = 10.0.40219.1
Project("{8BC9CEB8-8B4A-11D0-8D11-00A0C91BC942}") = "NewCalculator", "NewCalculator\NewCalculator.vcxproj", "{6D2FB176-7F98-469A-A92B-56C20541F7CE}"
EndProject
Global
	GlobalSection(SolutionConfigurationPlatforms) = preSolution
		Debug|x64 = Debug|x64
		Debug|x86 = Debug|x86
		Release|x64 = Release|x64
		Release|x86 = Release|x86
	EndGlobalSection
	GlobalSection(ProjectConfigurationPlatforms) = postSolution
		{6D2FB176-7F98-469A-A92B-56C20541F7CE}.Debug|x64.ActiveCfg = Debug|x64
		{6D2FB176-7F98-469A-A92B-56C20541F7CE}.Debug|x64.Build.0 = Debug|x64
		{6D2FB176-7F98-469A-A92B-56C20541F7CE}.Debug|x86.ActiveCfg = Debug|Win32
		{6D2FB176-7F98-469A-A92B-56C20541F7CE}.Debug|x86.Build.0 = Debug|Win32
		{6D2FB176-7F98-469A-A92B-56C20541F7CE}.Release|x64.ActiveCfg = Release|x64
		{6D2FB176-7F98-469A-A92B-56C20541F7CE}.Release|x64.Build.0 = Release|x64
		{6D2FB176-7F98-469A-A92B-56C20541F7CE}.Release|x86.ActiveCfg = Release|Win32
		{6D2FB176-7F98-469A-A92B-56C20541F7CE}.Release|x86.Build.0 = Release|Win32
	EndGlobalSection
	GlobalSection(SolutionProperties) = preSolution
		HideSolutionNode = FALSE
	EndGlobalSection
	GlobalSection(ExtensibilityGlobals) = postSolution
		SolutionGuid = {E69D5661-BE6E-499B-90AC-CDE65F5BEE1B}
	EndGlobalSection
EndGlobal
